
Microsoft Visual Studio Solution File, Format Version 12.00
# Visual Studio Version 17
VisualStudioVersion = 17.9.34728.123
MinimumVisualStudioVersion = 10.0.40219.1
Project("{9A19103F-16F7-4668-BE54-9A1E7A4F7556}") = "EDMissionStackViewer", "EDMissionStackViewer\EDMissionStackViewer.csproj", "{97B7256A-B60B-46DD-B0D5-3D9A1A9D5937}"
EndProject
Project("{FAE04EC0-301F-11D3-BF4B-00C04F79EFBC}") = "EDJournalQueue", "EDJournalQueue\EDJournalQueue.csproj", "{FE91F2D1-3E5C-44E1-A0DB-E7C409605052}"
EndProject
Global
	GlobalSection(SolutionConfigurationPlatforms) = preSolution
		Debug|Any CPU = Debug|Any CPU
		Release|Any CPU = Release|Any CPU
	EndGlobalSection
	GlobalSection(ProjectConfigurationPlatforms) = postSolution
		{97B7256A-B60B-46DD-B0D5-3D9A1A9D5937}.Debug|Any CPU.ActiveCfg = Debug|Any CPU
		{97B7256A-B60B-46DD-B0D5-3D9A1A9D5937}.Debug|Any CPU.Build.0 = Debug|Any CPU
		{97B7256A-B60B-46DD-B0D5-3D9A1A9D5937}.Release|Any CPU.ActiveCfg = Release|Any CPU
		{97B7256A-B60B-46DD-B0D5-3D9A1A9D5937}.Release|Any CPU.Build.0 = Release|Any CPU
		{FE91F2D1-3E5C-44E1-A0DB-E7C409605052}.Debug|Any CPU.ActiveCfg = Debug|Any CPU
		{FE91F2D1-3E5C-44E1-A0DB-E7C409605052}.Debug|Any CPU.Build.0 = Debug|Any CPU
		{FE91F2D1-3E5C-44E1-A0DB-E7C409605052}.Release|Any CPU.ActiveCfg = Release|Any CPU
		{FE91F2D1-3E5C-44E1-A0DB-E7C409605052}.Release|Any CPU.Build.0 = Release|Any CPU
	EndGlobalSection
	GlobalSection(SolutionProperties) = preSolution
		HideSolutionNode = FALSE
	EndGlobalSection
	GlobalSection(ExtensibilityGlobals) = postSolution
		SolutionGuid = {BA40447C-577E-477A-A0B2-A6A33E140937}
	EndGlobalSection
EndGlobal
